github.com/srinathh/gokilo v0.0.0-20190915032128-87d684c11d7c h1:a/xNFJIvqyFnNRfTa+xkdDX6/1YXNhv+4b3EGNA0AA0=
golang.org/x/sys v0.0.0-20190804053845-51ab0e2deafa h1:KIDDMLT1O0Nr7TSxp8xM5tJcdn8tgyAONntO829og1M=
golang.org/x/sys v0.0.0-20190804053845-51ab0e2deafa/go.mod h1:h1NjWce9XRLGQEsW7wpKNCjG9DtNlClVuFLEZdDNbEs=
